// !$*UTF8*$!
{
	archiveVersion = 1;
	classes = {
	};
	objectVersion = 46;
	objects = {

/* Begin PBXBuildFile section */
		370B9C2516A212FD008B2CB6 /* Cocoa.framework in Frameworks */ = {isa = PBXBuildFile; fileRef = 370B9C2416A212FD008B2CB6 /* Cocoa.framework */; };
		370B9C2F16A212FD008B2CB6 /* InfoPlist.strings in Resources */ = {isa = PBXBuildFile; fileRef = 370B9C2D16A212FD008B2CB6 /* InfoPlist.strings */; };
		370B9C3116A212FD008B2CB6 /* main.m in Sources */ = {isa = PBXBuildFile; fileRef = 370B9C3016A212FD008B2CB6 /* main.m */; };
		370B9C3516A212FD008B2CB6 /* Credits.rtf in Resources */ = {isa = PBXBuildFile; fileRef = 370B9C3316A212FD008B2CB6 /* Credits.rtf */; };
		370B9C3816A212FD008B2CB6 /* AppDelegate.mm in Sources */ = {isa = PBXBuildFile; fileRef = 370B9C3716A212FD008B2CB6 /* AppDelegate.mm */; };
		370B9C3B16A212FE008B2CB6 /* MainMenu.xib in Resources */ = {isa = PBXBuildFile; fileRef = 370B9C3916A212FE008B2CB6 /* MainMenu.xib */; };
		370B9C4316A212FE008B2CB6 /* SenTestingKit.framework in Frameworks */ = {isa = PBXBuildFile; fileRef = 370B9C4216A212FE008B2CB6 /* SenTestingKit.framework */; };
		370B9C4416A212FE008B2CB6 /* Cocoa.framework in Frameworks */ = {isa = PBXBuildFile; fileRef = 370B9C2416A212FD008B2CB6 /* Cocoa.framework */; };
		370B9C4C16A212FE008B2CB6 /* InfoPlist.strings in Resources */ = {isa = PBXBuildFile; fileRef = 370B9C4A16A212FE008B2CB6 /* InfoPlist.strings */; };
		370B9C4F16A212FE008B2CB6 /* PhotoChangoTests.m in Sources */ = {isa = PBXBuildFile; fileRef = 370B9C4E16A212FE008B2CB6 /* PhotoChangoTests.m */; };
		370B9C6316A21395008B2CB6 /* ChangoMain.cpp in Sources */ = {isa = PBXBuildFile; fileRef = 370B9C5916A21395008B2CB6 /* ChangoMain.cpp */; };
		370B9C6416A21395008B2CB6 /* Mahalo.cpp in Sources */ = {isa = PBXBuildFile; fileRef = 370B9C5A16A21395008B2CB6 /* Mahalo.cpp */; };
		370B9C6516A21395008B2CB6 /* Pixelator.cpp in Sources */ = {isa = PBXBuildFile; fileRef = 370B9C5C16A21395008B2CB6 /* Pixelator.cpp */; };
		370B9C6616A21395008B2CB6 /* SampleMixer.cpp in Sources */ = {isa = PBXBuildFile; fileRef = 370B9C5E16A21395008B2CB6 /* SampleMixer.cpp */; };
		370B9C6716A21395008B2CB6 /* Wave.cpp in Sources */ = {isa = PBXBuildFile; fileRef = 370B9C6116A21395008B2CB6 /* Wave.cpp */; };
		372034D9170BF3FA00CBD72F /* libopencv_calib3d.2.4.4.dylib in Frameworks */ = {isa = PBXBuildFile; fileRef = 372034A6170BF3FA00CBD72F /* libopencv_calib3d.2.4.4.dylib */; };
		372034DA170BF3FA00CBD72F /* libopencv_calib3d.2.4.4.dylib in Frameworks */ = {isa = PBXBuildFile; fileRef = 372034A7170BF3FA00CBD72F /* libopencv_calib3d.2.4.4.dylib */; };
		372034DB170BF3FA00CBD72F /* libopencv_calib3d.2.4.4.dylib in Frameworks */ = {isa = PBXBuildFile; fileRef = 372034A8170BF3FA00CBD72F /* libopencv_calib3d.2.4.4.dylib */; };
		372034DC170BF3FA00CBD72F /* libopencv_contrib.2.4.4.dylib in Frameworks */ = {isa = PBXBuildFile; fileRef = 372034A9170BF3FA00CBD72F /* libopencv_contrib.2.4.4.dylib */; };
		372034DD170BF3FA00CBD72F /* libopencv_contrib.2.4.4.dylib in Frameworks */ = {isa = PBXBuildFile; fileRef = 372034AA170BF3FA00CBD72F /* libopencv_contrib.2.4.4.dylib */; };
		372034DE170BF3FA00CBD72F /* libopencv_contrib.2.4.4.dylib in Frameworks */ = {isa = PBXBuildFile; fileRef = 372034AB170BF3FA00CBD72F /* libopencv_contrib.2.4.4.dylib */; };
		372034DF170BF3FA00CBD72F /* libopencv_core.2.4.4.dylib in Frameworks */ = {isa = PBXBuildFile; fileRef = 372034AC170BF3FA00CBD72F /* libopencv_core.2.4.4.dylib */; };
		372034E0170BF3FA00CBD72F /* libopencv_core.2.4.4.dylib in Frameworks */ = {isa = PBXBuildFile; fileRef = 372034AD170BF3FA00CBD72F /* libopencv_core.2.4.4.dylib */; };
		372034E1170BF3FA00CBD72F /* libopencv_core.2.4.4.dylib in Frameworks */ = {isa = PBXBuildFile; fileRef = 372034AE170BF3FA00CBD72F /* libopencv_core.2.4.4.dylib */; };
		372034E2170BF3FA00CBD72F /* libopencv_features2d.2.4.4.dylib in Frameworks */ = {isa = PBXBuildFile; fileRef = 372034AF170BF3FA00CBD72F /* libopencv_features2d.2.4.4.dylib */; };
		372034E3170BF3FA00CBD72F /* libopencv_features2d.2.4.4.dylib in Frameworks */ = {isa = PBXBuildFile; fileRef = 372034B0170BF3FA00CBD72F /* libopencv_features2d.2.4.4.dylib */; };
		372034E4170BF3FA00CBD72F /* libopencv_features2d.2.4.4.dylib in Frameworks */ = {isa = PBXBuildFile; fileRef = 372034B1170BF3FA00CBD72F /* libopencv_features2d.2.4.4.dylib */; };
		372034E5170BF3FA00CBD72F /* libopencv_flann.2.4.4.dylib in Frameworks */ = {isa = PBXBuildFile; fileRef = 372034B2170BF3FA00CBD72F /* libopencv_flann.2.4.4.dylib */; };
		372034E6170BF3FA00CBD72F /* libopencv_flann.2.4.4.dylib in Frameworks */ = {isa = PBXBuildFile; fileRef = 372034B3170BF3FA00CBD72F /* libopencv_flann.2.4.4.dylib */; };
		372034E7170BF3FA00CBD72F /* libopencv_flann.2.4.4.dylib in Frameworks */ = {isa = PBXBuildFile; fileRef = 372034B4170BF3FA00CBD72F /* libopencv_flann.2.4.4.dylib */; };
		372034E8170BF3FA00CBD72F /* libopencv_gpu.2.4.4.dylib in Frameworks */ = {isa = PBXBuildFile; fileRef = 372034B5170BF3FA00CBD72F /* libopencv_gpu.2.4.4.dylib */; };
		372034E9170BF3FA00CBD72F /* libopencv_gpu.2.4.4.dylib in Frameworks */ = {isa = PBXBuildFile; fileRef = 372034B6170BF3FA00CBD72F /* libopencv_gpu.2.4.4.dylib */; };
		372034EA170BF3FA00CBD72F /* libopencv_gpu.2.4.4.dylib in Frameworks */ = {isa = PBXBuildFile; fileRef = 372034B7170BF3FA00CBD72F /* libopencv_gpu.2.4.4.dylib */; };
		372034EB170BF3FA00CBD72F /* libopencv_highgui.2.4.4.dylib in Frameworks */ = {isa = PBXBuildFile; fileRef = 372034B8170BF3FA00CBD72F /* libopencv_highgui.2.4.4.dylib */; };
		372034EC170BF3FA00CBD72F /* libopencv_highgui.2.4.4.dylib in Frameworks */ = {isa = PBXBuildFile; fileRef = 372034B9170BF3FA00CBD72F /* libopencv_highgui.2.4.4.dylib */; };
		372034ED170BF3FA00CBD72F /* libopencv_highgui.2.4.4.dylib in Frameworks */ = {isa = PBXBuildFile; fileRef = 372034BA170BF3FA00CBD72F /* libopencv_highgui.2.4.4.dylib */; };
		372034EE170BF3FA00CBD72F /* libopencv_imgproc.2.4.4.dylib in Frameworks */ = {isa = PBXBuildFile; fileRef = 372034BB170BF3FA00CBD72F /* libopencv_imgproc.2.4.4.dylib */; };
		372034EF170BF3FA00CBD72F /* libopencv_imgproc.2.4.4.dylib in Frameworks */ = {isa = PBXBuildFile; fileRef = 372034BC170BF3FA00CBD72F /* libopencv_imgproc.2.4.4.dylib */; };
		372034F0170BF3FA00CBD72F /* libopencv_imgproc.2.4.4.dylib in Frameworks */ = {isa = PBXBuildFile; fileRef = 372034BD170BF3FA00CBD72F /* libopencv_imgproc.2.4.4.dylib */; };
		372034F1170BF3FA00CBD72F /* libopencv_legacy.2.4.4.dylib in Frameworks */ = {isa = PBXBuildFile; fileRef = 372034BE170BF3FA00CBD72F /* libopencv_legacy.2.4.4.dylib */; };
		372034F2170BF3FA00CBD72F /* libopencv_legacy.2.4.4.dylib in Frameworks */ = {isa = PBXBuildFile; fileRef = 372034BF170BF3FA00CBD72F /* libopencv_legacy.2.4.4.dylib */; };
		372034F3170BF3FA00CBD72F /* libopencv_legacy.2.4.4.dylib in Frameworks */ = {isa = PBXBuildFile; fileRef = 372034C0170BF3FA00CBD72F /* libopencv_legacy.2.4.4.dylib */; };
		372034F4170BF3FA00CBD72F /* libopencv_ml.2.4.4.dylib in Frameworks */ = {isa = PBXBuildFile; fileRef = 372034C1170BF3FA00CBD72F /* libopencv_ml.2.4.4.dylib */; };
		372034F5170BF3FA00CBD72F /* libopencv_ml.2.4.4.dylib in Frameworks */ = {isa = PBXBuildFile; fileRef = 372034C2170BF3FA00CBD72F /* libopencv_ml.2.4.4.dylib */; };
		372034F6170BF3FA00CBD72F /* libopencv_ml.2.4.4.dylib in Frameworks */ = {isa = PBXBuildFile; fileRef = 372034C3170BF3FA00CBD72F /* libopencv_ml.2.4.4.dylib */; };
		372034F7170BF3FA00CBD72F /* libopencv_nonfree.2.4.4.dylib in Frameworks */ = {isa = PBXBuildFile; fileRef = 372034C4170BF3FA00CBD72F /* libopencv_nonfree.2.4.4.dylib */; };
		372034F8170BF3FA00CBD72F /* libopencv_nonfree.2.4.4.dylib in Frameworks */ = {isa = PBXBuildFile; fileRef = 372034C5170BF3FA00CBD72F /* libopencv_nonfree.2.4.4.dylib */; };
		372034F9170BF3FA00CBD72F /* libopencv_nonfree.2.4.4.dylib in Frameworks */ = {isa = PBXBuildFile; fileRef = 372034C6170BF3FA00CBD72F /* libopencv_nonfree.2.4.4.dylib */; };
		372034FA170BF3FA00CBD72F /* libopencv_objdetect.2.4.4.dylib in Frameworks */ = {isa = PBXBuildFile; fileRef = 372034C7170BF3FA00CBD72F /* libopencv_objdetect.2.4.4.dylib */; };
		372034FB170BF3FA00CBD72F /* libopencv_objdetect.2.4.4.dylib in Frameworks */ = {isa = PBXBuildFile; fileRef = 372034C8170BF3FA00CBD72F /* libopencv_objdetect.2.4.4.dylib */; };
		372034FC170BF3FA00CBD72F /* libopencv_objdetect.2.4.4.dylib in Frameworks */ = {isa = PBXBuildFile; fileRef = 372034C9170BF3FA00CBD72F /* libopencv_objdetect.2.4.4.dylib */; };
		372034FD170BF3FA00CBD72F /* libopencv_photo.2.4.4.dylib in Frameworks */ = {isa = PBXBuildFile; fileRef = 372034CA170BF3FA00CBD72F /* libopencv_photo.2.4.4.dylib */; };
		372034FE170BF3FA00CBD72F /* libopencv_photo.2.4.4.dylib in Frameworks */ = {isa = PBXBuildFile; fileRef = 372034CB170BF3FA00CBD72F /* libopencv_photo.2.4.4.dylib */; };
		372034FF170BF3FA00CBD72F /* libopencv_photo.2.4.4.dylib in Frameworks */ = {isa = PBXBuildFile; fileRef = 372034CC170BF3FA00CBD72F /* libopencv_photo.2.4.4.dylib */; };
		37203500170BF3FA00CBD72F /* libopencv_stitching.2.4.4.dylib in Frameworks */ = {isa = PBXBuildFile; fileRef = 372034CD170BF3FA00CBD72F /* libopencv_stitching.2.4.4.dylib */; };
		37203501170BF3FA00CBD72F /* libopencv_stitching.2.4.4.dylib in Frameworks */ = {isa = PBXBuildFile; fileRef = 372034CE170BF3FA00CBD72F /* libopencv_stitching.2.4.4.dylib */; };
		37203502170BF3FA00CBD72F /* libopencv_stitching.2.4.4.dylib in Frameworks */ = {isa = PBXBuildFile; fileRef = 372034CF170BF3FA00CBD72F /* libopencv_stitching.2.4.4.dylib */; };
		37203503170BF3FA00CBD72F /* libopencv_ts.2.4.4.dylib in Frameworks */ = {isa = PBXBuildFile; fileRef = 372034D0170BF3FA00CBD72F /* libopencv_ts.2.4.4.dylib */; };
		37203504170BF3FA00CBD72F /* libopencv_ts.2.4.4.dylib in Frameworks */ = {isa = PBXBuildFile; fileRef = 372034D1170BF3FA00CBD72F /* libopencv_ts.2.4.4.dylib */; };
		37203505170BF3FA00CBD72F /* libopencv_ts.2.4.4.dylib in Frameworks */ = {isa = PBXBuildFile; fileRef = 372034D2170BF3FA00CBD72F /* libopencv_ts.2.4.4.dylib */; };
		37203506170BF3FA00CBD72F /* libopencv_video.2.4.4.dylib in Frameworks */ = {isa = PBXBuildFile; fileRef = 372034D3170BF3FA00CBD72F /* libopencv_video.2.4.4.dylib */; };
		37203507170BF3FA00CBD72F /* libopencv_video.2.4.4.dylib in Frameworks */ = {isa = PBXBuildFile; fileRef = 372034D4170BF3FA00CBD72F /* libopencv_video.2.4.4.dylib */; };
		37203508170BF3FA00CBD72F /* libopencv_video.2.4.4.dylib in Frameworks */ = {isa = PBXBuildFile; fileRef = 372034D5170BF3FA00CBD72F /* libopencv_video.2.4.4.dylib */; };
		37203509170BF3FA00CBD72F /* libopencv_videostab.2.4.4.dylib in Frameworks */ = {isa = PBXBuildFile; fileRef = 372034D6170BF3FA00CBD72F /* libopencv_videostab.2.4.4.dylib */; };
		3720350A170BF3FA00CBD72F /* libopencv_videostab.2.4.4.dylib in Frameworks */ = {isa = PBXBuildFile; fileRef = 372034D7170BF3FA00CBD72F /* libopencv_videostab.2.4.4.dylib */; };
		3720350B170BF3FA00CBD72F /* libopencv_videostab.2.4.4.dylib in Frameworks */ = {isa = PBXBuildFile; fileRef = 372034D8170BF3FA00CBD72F /* libopencv_videostab.2.4.4.dylib */; };
		375FBAF316A2633E004E1695 /* PhotoChangoMenuController.mm in Sources */ = {isa = PBXBuildFile; fileRef = 375FBAF216A2633E004E1695 /* PhotoChangoMenuController.mm */; };
		375FBB1216A2B916004E1695 /* BeatChango.cpp in Sources */ = {isa = PBXBuildFile; fileRef = 375FBAFB16A2B916004E1695 /* BeatChango.cpp */; };
		375FBB1416A2B916004E1695 /* MIDIChango.cpp in Sources */ = {isa = PBXBuildFile; fileRef = 375FBAFF16A2B916004E1695 /* MIDIChango.cpp */; };
		375FBB1616A2B916004E1695 /* WaveChango.cpp in Sources */ = {isa = PBXBuildFile; fileRef = 375FBB0216A2B916004E1695 /* WaveChango.cpp */; };
		375FBB1816A2B916004E1695 /* CameraAndWindow.cpp in Sources */ = {isa = PBXBuildFile; fileRef = 375FBB0616A2B916004E1695 /* CameraAndWindow.cpp */; };
		375FBB1A16A2B916004E1695 /* ChangoInput.cpp in Sources */ = {isa = PBXBuildFile; fileRef = 375FBB0916A2B916004E1695 /* ChangoInput.cpp */; };
		375FBB1C16A2B916004E1695 /* ChangoLightVideo.cpp in Sources */ = {isa = PBXBuildFile; fileRef = 375FBB0C16A2B916004E1695 /* ChangoLightVideo.cpp */; };
		375FBB1E16A2B916004E1695 /* ChangoMotionVideo.cpp in Sources */ = {isa = PBXBuildFile; fileRef = 375FBB0F16A2B916004E1695 /* ChangoMotionVideo.cpp */; };
		375FBB2316A2BA28004E1695 /* BeatWave.cpp in Sources */ = {isa = PBXBuildFile; fileRef = 375FBB2116A2BA28004E1695 /* BeatWave.cpp */; };
		375FBB2716A2BC5F004E1695 /* CoreAudio.framework in Frameworks */ = {isa = PBXBuildFile; fileRef = 375FBB2516A2BC5F004E1695 /* CoreAudio.framework */; };
		375FBB2816A2BC5F004E1695 /* CoreAudioKit.framework in Frameworks */ = {isa = PBXBuildFile; fileRef = 375FBB2616A2BC5F004E1695 /* CoreAudioKit.framework */; };
		375FBB3316A2BF0A004E1695 /* CoreMIDI.framework in Frameworks */ = {isa = PBXBuildFile; fileRef = 375FBB3216A2BF0A004E1695 /* CoreMIDI.framework */; };
		37EF65E5170546D700734786 /* Chango_Icon72x72.png in Resources */ = {isa = PBXBuildFile; fileRef = 37EF65E4170546D700734786 /* Chango_Icon72x72.png */; };
		37EF65E71705488900734786 /* Chango_Icon72x72.icns in Resources */ = {isa = PBXBuildFile; fileRef = 37EF65E61705488900734786 /* Chango_Icon72x72.icns */; };
/* End PBXBuildFile section */

/* Begin PBXContainerItemProxy section */
		370B9C4516A212FE008B2CB6 /* PBXContainerItemProxy */ = {
			isa = PBXContainerItemProxy;
			containerPortal = 370B9C1716A212FD008B2CB6 /* Project object */;
			proxyType = 1;
			remoteGlobalIDString = 370B9C1F16A212FD008B2CB6;
			remoteInfo = PhotoChango;
		};
/* End PBXContainerItemProxy section */

/* Begin PBXFileReference section */
		370B9C2016A212FD008B2CB6 /* PhotoChango.app */ = {isa = PBXFileReference; explicitFileType = wrapper.application; includeInIndex = 0; path = PhotoChango.app; sourceTree = BUILT_PRODUCTS_DIR; };
		370B9C2416A212FD008B2CB6 /* Cocoa.framework */ = {isa = PBXFileReference; lastKnownFileType = wrapper.framework; name = Cocoa.framework; path = System/Library/Frameworks/Cocoa.framework; sourceTree = SDKROOT; };
		370B9C2716A212FD008B2CB6 /* AppKit.framework */ = {isa = PBXFileReference; lastKnownFileType = wrapper.framework; name = AppKit.framework; path = System/Library/Frameworks/AppKit.framework; sourceTree = SDKROOT; };
		370B9C2816A212FD008B2CB6 /* CoreData.framework */ = {isa = PBXFileReference; lastKnownFileType = wrapper.framework; name = CoreData.framework; path = System/Library/Frameworks/CoreData.framework; sourceTree = SDKROOT; };
		370B9C2916A212FD008B2CB6 /* Foundation.framework */ = {isa = PBXFileReference; lastKnownFileType = wrapper.framework; name = Foundation.framework; path = System/Library/Frameworks/Foundation.framework; sourceTree = SDKROOT; };
		370B9C2C16A212FD008B2CB6 /* PhotoChango-Info.plist */ = {isa = PBXFileReference; lastKnownFileType = text.plist.xml; path = "PhotoChango-Info.plist"; sourceTree = "<group>"; };
		370B9C2E16A212FD008B2CB6 /* en */ = {isa = PBXFileReference; lastKnownFileType = text.plist.strings; name = en; path = en.lproj/InfoPlist.strings; sourceTree = "<group>"; };
		370B9C3016A212FD008B2CB6 /* main.m */ = {isa = PBXFileReference; lastKnownFileType = sourcecode.c.objc; path = main.m; sourceTree = "<group>"; };
		370B9C3216A212FD008B2CB6 /* PhotoChango-Prefix.pch */ = {isa = PBXFileReference; lastKnownFileType = sourcecode.c.h; path = "PhotoChango-Prefix.pch"; sourceTree = "<group>"; };
		370B9C3416A212FD008B2CB6 /* en */ = {isa = PBXFileReference; lastKnownFileType = text.rtf; name = en; path = en.lproj/Credits.rtf; sourceTree = "<group>"; };
		370B9C3616A212FD008B2CB6 /* AppDelegate.h */ = {isa = PBXFileReference; lastKnownFileType = sourcecode.c.h; path = AppDelegate.h; sourceTree = "<group>"; };
		370B9C3716A212FD008B2CB6 /* AppDelegate.mm */ = {isa = PBXFileReference; lastKnownFileType = sourcecode.cpp.objcpp; path = AppDelegate.mm; sourceTree = "<group>"; };
		370B9C3A16A212FE008B2CB6 /* en */ = {isa = PBXFileReference; lastKnownFileType = file.xib; name = en; path = en.lproj/MainMenu.xib; sourceTree = "<group>"; };
		370B9C4116A212FE008B2CB6 /* PhotoChangoTests.octest */ = {isa = PBXFileReference; explicitFileType = wrapper.cfbundle; includeInIndex = 0; path = PhotoChangoTests.octest; sourceTree = BUILT_PRODUCTS_DIR; };
		370B9C4216A212FE008B2CB6 /* SenTestingKit.framework */ = {isa = PBXFileReference; lastKnownFileType = wrapper.framework; name = SenTestingKit.framework; path = Library/Frameworks/SenTestingKit.framework; sourceTree = DEVELOPER_DIR; };
		370B9C4916A212FE008B2CB6 /* PhotoChangoTests-Info.plist */ = {isa = PBXFileReference; lastKnownFileType = text.plist.xml; path = "PhotoChangoTests-Info.plist"; sourceTree = "<group>"; };
		370B9C4B16A212FE008B2CB6 /* en */ = {isa = PBXFileReference; lastKnownFileType = text.plist.strings; name = en; path = en.lproj/InfoPlist.strings; sourceTree = "<group>"; };
		370B9C4D16A212FE008B2CB6 /* PhotoChangoTests.h */ = {isa = PBXFileReference; lastKnownFileType = sourcecode.c.h; path = PhotoChangoTests.h; sourceTree = "<group>"; };
		370B9C4E16A212FE008B2CB6 /* PhotoChangoTests.m */ = {isa = PBXFileReference; lastKnownFileType = sourcecode.c.objc; path = PhotoChangoTests.m; sourceTree = "<group>"; };
		370B9C5816A21395008B2CB6 /* ChangoGlobal.h */ = {isa = PBXFileReference; fileEncoding = 4; lastKnownFileType = sourcecode.c.h; path = ChangoGlobal.h; sourceTree = "<group>"; };
		370B9C5916A21395008B2CB6 /* ChangoMain.cpp */ = {isa = PBXFileReference; fileEncoding = 4; lastKnownFileType = sourcecode.cpp.cpp; path = ChangoMain.cpp; sourceTree = "<group>"; };
		370B9C5A16A21395008B2CB6 /* Mahalo.cpp */ = {isa = PBXFileReference; fileEncoding = 4; lastKnownFileType = sourcecode.cpp.cpp; path = Mahalo.cpp; sourceTree = "<group>"; };
		370B9C5B16A21395008B2CB6 /* Mahalo.h */ = {isa = PBXFileReference; fileEncoding = 4; lastKnownFileType = sourcecode.c.h; path = Mahalo.h; sourceTree = "<group>"; };
		370B9C5C16A21395008B2CB6 /* Pixelator.cpp */ = {isa = PBXFileReference; fileEncoding = 4; lastKnownFileType = sourcecode.cpp.cpp; path = Pixelator.cpp; sourceTree = "<group>"; };
		370B9C5D16A21395008B2CB6 /* Pixelator.h */ = {isa = PBXFileReference; fileEncoding = 4; lastKnownFileType = sourcecode.c.h; path = Pixelator.h; sourceTree = "<group>"; };
		370B9C5E16A21395008B2CB6 /* SampleMixer.cpp */ = {isa = PBXFileReference; fileEncoding = 4; lastKnownFileType = sourcecode.cpp.cpp; path = SampleMixer.cpp; sourceTree = "<group>"; };
		370B9C5F16A21395008B2CB6 /* SampleMixer.h */ = {isa = PBXFileReference; fileEncoding = 4; lastKnownFileType = sourcecode.c.h; path = SampleMixer.h; sourceTree = "<group>"; };
		370B9C6016A21395008B2CB6 /* SampleSource.h */ = {isa = PBXFileReference; fileEncoding = 4; lastKnownFileType = sourcecode.c.h; path = SampleSource.h; sourceTree = "<group>"; };
		370B9C6116A21395008B2CB6 /* Wave.cpp */ = {isa = PBXFileReference; fileEncoding = 4; lastKnownFileType = sourcecode.cpp.cpp; path = Wave.cpp; sourceTree = "<group>"; };
		370B9C6216A21395008B2CB6 /* Wave.h */ = {isa = PBXFileReference; fileEncoding = 4; lastKnownFileType = sourcecode.c.h; path = Wave.h; sourceTree = "<group>"; };
		372034A6170BF3FA00CBD72F /* libopencv_calib3d.2.4.4.dylib */ = {isa = PBXFileReference; lastKnownFileType = "compiled.mach-o.dylib"; name = libopencv_calib3d.2.4.4.dylib; path = ../../../../usr/local/Cellar/opencv/2.4.4a/lib/libopencv_calib3d.2.4.4.dylib; sourceTree = "<group>"; };
		372034A7170BF3FA00CBD72F /* libopencv_calib3d.2.4.4.dylib */ = {isa = PBXFileReference; lastKnownFileType = "compiled.mach-o.dylib"; name = libopencv_calib3d.2.4.4.dylib; path = ../../../../usr/local/Cellar/opencv/2.4.4a/lib/libopencv_calib3d.2.4.4.dylib; sourceTree = "<group>"; };
		372034A8170BF3FA00CBD72F /* libopencv_calib3d.2.4.4.dylib */ = {isa = PBXFileReference; lastKnownFileType = "compiled.mach-o.dylib"; name = libopencv_calib3d.2.4.4.dylib; path = ../../../../usr/local/Cellar/opencv/2.4.4a/lib/libopencv_calib3d.2.4.4.dylib; sourceTree = "<group>"; };
		372034A9170BF3FA00CBD72F /* libopencv_contrib.2.4.4.dylib */ = {isa = PBXFileReference; lastKnownFileType = "compiled.mach-o.dylib"; name = libopencv_contrib.2.4.4.dylib; path = ../../../../usr/local/Cellar/opencv/2.4.4a/lib/libopencv_contrib.2.4.4.dylib; sourceTree = "<group>"; };
		372034AA170BF3FA00CBD72F /* libopencv_contrib.2.4.4.dylib */ = {isa = PBXFileReference; lastKnownFileType = "compiled.mach-o.dylib"; name = libopencv_contrib.2.4.4.dylib; path = ../../../../usr/local/Cellar/opencv/2.4.4a/lib/libopencv_contrib.2.4.4.dylib; sourceTree = "<group>"; };
		372034AB170BF3FA00CBD72F /* libopencv_contrib.2.4.4.dylib */ = {isa = PBXFileReference; lastKnownFileType = "compiled.mach-o.dylib"; name = libopencv_contrib.2.4.4.dylib; path = ../../../../usr/local/Cellar/opencv/2.4.4a/lib/libopencv_contrib.2.4.4.dylib; sourceTree = "<group>"; };
		372034AC170BF3FA00CBD72F /* libopencv_core.2.4.4.dylib */ = {isa = PBXFileReference; lastKnownFileType = "compiled.mach-o.dylib"; name = libopencv_core.2.4.4.dylib; path = ../../../../usr/local/Cellar/opencv/2.4.4a/lib/libopencv_core.2.4.4.dylib; sourceTree = "<group>"; };
		372034AD170BF3FA00CBD72F /* libopencv_core.2.4.4.dylib */ = {isa = PBXFileReference; lastKnownFileType = "compiled.mach-o.dylib"; name = libopencv_core.2.4.4.dylib; path = ../../../../usr/local/Cellar/opencv/2.4.4a/lib/libopencv_core.2.4.4.dylib; sourceTree = "<group>"; };
		372034AE170BF3FA00CBD72F /* libopencv_core.2.4.4.dylib */ = {isa = PBXFileReference; lastKnownFileType = "compiled.mach-o.dylib"; name = libopencv_core.2.4.4.dylib; path = ../../../../usr/local/Cellar/opencv/2.4.4a/lib/libopencv_core.2.4.4.dylib; sourceTree = "<group>"; };
		372034AF170BF3FA00CBD72F /* libopencv_features2d.2.4.4.dylib */ = {isa = PBXFileReference; lastKnownFileType = "compiled.mach-o.dylib"; name = libopencv_features2d.2.4.4.dylib; path = ../../../../usr/local/Cellar/opencv/2.4.4a/lib/libopencv_features2d.2.4.4.dylib; sourceTree = "<group>"; };
		372034B0170BF3FA00CBD72F /* libopencv_features2d.2.4.4.dylib */ = {isa = PBXFileReference; lastKnownFileType = "compiled.mach-o.dylib"; name = libopencv_features2d.2.4.4.dylib; path = ../../../../usr/local/Cellar/opencv/2.4.4a/lib/libopencv_features2d.2.4.4.dylib; sourceTree = "<group>"; };
		372034B1170BF3FA00CBD72F /* libopencv_features2d.2.4.4.dylib */ = {isa = PBXFileReference; lastKnownFileType = "compiled.mach-o.dylib"; name = libopencv_features2d.2.4.4.dylib; path = ../../../../usr/local/Cellar/opencv/2.4.4a/lib/libopencv_features2d.2.4.4.dylib; sourceTree = "<group>"; };
		372034B2170BF3FA00CBD72F /* libopencv_flann.2.4.4.dylib */ = {isa = PBXFileReference; lastKnownFileType = "compiled.mach-o.dylib"; name = libopencv_flann.2.4.4.dylib; path = ../../../../usr/local/Cellar/opencv/2.4.4a/lib/libopencv_flann.2.4.4.dylib; sourceTree = "<group>"; };
		372034B3170BF3FA00CBD72F /* libopencv_flann.2.4.4.dylib */ = {isa = PBXFileReference; lastKnownFileType = "compiled.mach-o.dylib"; name = libopencv_flann.2.4.4.dylib; path = ../../../../usr/local/Cellar/opencv/2.4.4a/lib/libopencv_flann.2.4.4.dylib; sourceTree = "<group>"; };
		372034B4170BF3FA00CBD72F /* libopencv_flann.2.4.4.dylib */ = {isa = PBXFileReference; lastKnownFileType = "compiled.mach-o.dylib"; name = libopencv_flann.2.4.4.dylib; path = ../../../../usr/local/Cellar/opencv/2.4.4a/lib/libopencv_flann.2.4.4.dylib; sourceTree = "<group>"; };
		372034B5170BF3FA00CBD72F /* libopencv_gpu.2.4.4.dylib */ = {isa = PBXFileReference; lastKnownFileType = "compiled.mach-o.dylib"; name = libopencv_gpu.2.4.4.dylib; path = ../../../../usr/local/Cellar/opencv/2.4.4a/lib/libopencv_gpu.2.4.4.dylib; sourceTree = "<group>"; };
		372034B6170BF3FA00CBD72F /* libopencv_gpu.2.4.4.dylib */ = {isa = PBXFileReference; lastKnownFileType = "compiled.mach-o.dylib"; name = libopencv_gpu.2.4.4.dylib; path = ../../../../usr/local/Cellar/opencv/2.4.4a/lib/libopencv_gpu.2.4.4.dylib; sourceTree = "<group>"; };
		372034B7170BF3FA00CBD72F /* libopencv_gpu.2.4.4.dylib */ = {isa = PBXFileReference; lastKnownFileType = "compiled.mach-o.dylib"; name = libopencv_gpu.2.4.4.dylib; path = ../../../../usr/local/Cellar/opencv/2.4.4a/lib/libopencv_gpu.2.4.4.dylib; sourceTree = "<group>"; };
		372034B8170BF3FA00CBD72F /* libopencv_highgui.2.4.4.dylib */ = {isa = PBXFileReference; lastKnownFileType = "compiled.mach-o.dylib"; name = libopencv_highgui.2.4.4.dylib; path = ../../../../usr/local/Cellar/opencv/2.4.4a/lib/libopencv_highgui.2.4.4.dylib; sourceTree = "<group>"; };
		372034B9170BF3FA00CBD72F /* libopencv_highgui.2.4.4.dylib */ = {isa = PBXFileReference; lastKnownFileType = "compiled.mach-o.dylib"; name = libopencv_highgui.2.4.4.dylib; path = ../../../../usr/local/Cellar/opencv/2.4.4a/lib/libopencv_highgui.2.4.4.dylib; sourceTree = "<group>"; };
		372034BA170BF3FA00CBD72F /* libopencv_highgui.2.4.4.dylib */ = {isa = PBXFileReference; lastKnownFileType = "compiled.mach-o.dylib"; name = libopencv_highgui.2.4.4.dylib; path = ../../../../usr/local/Cellar/opencv/2.4.4a/lib/libopencv_highgui.2.4.4.dylib; sourceTree = "<group>"; };
		372034BB170BF3FA00CBD72F /* libopencv_imgproc.2.4.4.dylib */ = {isa = PBXFileReference; lastKnownFileType = "compiled.mach-o.dylib"; name = libopencv_imgproc.2.4.4.dylib; path = ../../../../usr/local/Cellar/opencv/2.4.4a/lib/libopencv_imgproc.2.4.4.dylib; sourceTree = "<group>"; };
		372034BC170BF3FA00CBD72F /* libopencv_imgproc.2.4.4.dylib */ = {isa = PBXFileReference; lastKnownFileType = "compiled.mach-o.dylib"; name = libopencv_imgproc.2.4.4.dylib; path = ../../../../usr/local/Cellar/opencv/2.4.4a/lib/libopencv_imgproc.2.4.4.dylib; sourceTree = "<group>"; };
		372034BD170BF3FA00CBD72F /* libopencv_imgproc.2.4.4.dylib */ = {isa = PBXFileReference; lastKnownFileType = "compiled.mach-o.dylib"; name = libopencv_imgproc.2.4.4.dylib; path = ../../../../usr/local/Cellar/opencv/2.4.4a/lib/libopencv_imgproc.2.4.4.dylib; sourceTree = "<group>"; };
		372034BE170BF3FA00CBD72F /* libopencv_legacy.2.4.4.dylib */ = {isa = PBXFileReference; lastKnownFileType = "compiled.mach-o.dylib"; name = libopencv_legacy.2.4.4.dylib; path = ../../../../usr/local/Cellar/opencv/2.4.4a/lib/libopencv_legacy.2.4.4.dylib; sourceTree = "<group>"; };
		372034BF170BF3FA00CBD72F /* libopencv_legacy.2.4.4.dylib */ = {isa = PBXFileReference; lastKnownFileType = "compiled.mach-o.dylib"; name = libopencv_legacy.2.4.4.dylib; path = ../../../../usr/local/Cellar/opencv/2.4.4a/lib/libopencv_legacy.2.4.4.dylib; sourceTree = "<group>"; };
		372034C0170BF3FA00CBD72F /* libopencv_legacy.2.4.4.dylib */ = {isa = PBXFileReference; lastKnownFileType = "compiled.mach-o.dylib"; name = libopencv_legacy.2.4.4.dylib; path = ../../../../usr/local/Cellar/opencv/2.4.4a/lib/libopencv_legacy.2.4.4.dylib; sourceTree = "<group>"; };
		372034C1170BF3FA00CBD72F /* libopencv_ml.2.4.4.dylib */ = {isa = PBXFileReference; lastKnownFileType = "compiled.mach-o.dylib"; name = libopencv_ml.2.4.4.dylib; path = ../../../../usr/local/Cellar/opencv/2.4.4a/lib/libopencv_ml.2.4.4.dylib; sourceTree = "<group>"; };
		372034C2170BF3FA00CBD72F /* libopencv_ml.2.4.4.dylib */ = {isa = PBXFileReference; lastKnownFileType = "compiled.mach-o.dylib"; name = libopencv_ml.2.4.4.dylib; path = ../../../../usr/local/Cellar/opencv/2.4.4a/lib/libopencv_ml.2.4.4.dylib; sourceTree = "<group>"; };
		372034C3170BF3FA00CBD72F /* libopencv_ml.2.4.4.dylib */ = {isa = PBXFileReference; lastKnownFileType = "compiled.mach-o.dylib"; name = libopencv_ml.2.4.4.dylib; path = ../../../../usr/local/Cellar/opencv/2.4.4a/lib/libopencv_ml.2.4.4.dylib; sourceTree = "<group>"; };
		372034C4170BF3FA00CBD72F /* libopencv_nonfree.2.4.4.dylib */ = {isa = PBXFileReference; lastKnownFileType = "compiled.mach-o.dylib"; name = libopencv_nonfree.2.4.4.dylib; path = ../../../../usr/local/Cellar/opencv/2.4.4a/lib/libopencv_nonfree.2.4.4.dylib; sourceTree = "<group>"; };
		372034C5170BF3FA00CBD72F /* libopencv_nonfree.2.4.4.dylib */ = {isa = PBXFileReference; lastKnownFileType = "compiled.mach-o.dylib"; name = libopencv_nonfree.2.4.4.dylib; path = ../../../../usr/local/Cellar/opencv/2.4.4a/lib/libopencv_nonfree.2.4.4.dylib; sourceTree = "<group>"; };
		372034C6170BF3FA00CBD72F /* libopencv_nonfree.2.4.4.dylib */ = {isa = PBXFileReference; lastKnownFileType = "compiled.mach-o.dylib"; name = libopencv_nonfree.2.4.4.dylib; path = ../../../../usr/local/Cellar/opencv/2.4.4a/lib/libopencv_nonfree.2.4.4.dylib; sourceTree = "<group>"; };
		372034C7170BF3FA00CBD72F /* libopencv_objdetect.2.4.4.dylib */ = {isa = PBXFileReference; lastKnownFileType = "compiled.mach-o.dylib"; name = libopencv_objdetect.2.4.4.dylib; path = ../../../../usr/local/Cellar/opencv/2.4.4a/lib/libopencv_objdetect.2.4.4.dylib; sourceTree = "<group>"; };
		372034C8170BF3FA00CBD72F /* libopencv_objdetect.2.4.4.dylib */ = {isa = PBXFileReference; lastKnownFileType = "compiled.mach-o.dylib"; name = libopencv_objdetect.2.4.4.dylib; path = ../../../../usr/local/Cellar/opencv/2.4.4a/lib/libopencv_objdetect.2.4.4.dylib; sourceTree = "<group>"; };
		372034C9170BF3FA00CBD72F /* libopencv_objdetect.2.4.4.dylib */ = {isa = PBXFileReference; lastKnownFileType = "compiled.mach-o.dylib"; name = libopencv_objdetect.2.4.4.dylib; path = ../../../../usr/local/Cellar/opencv/2.4.4a/lib/libopencv_objdetect.2.4.4.dylib; sourceTree = "<group>"; };
		372034CA170BF3FA00CBD72F /* libopencv_photo.2.4.4.dylib */ = {isa = PBXFileReference; lastKnownFileType = "compiled.mach-o.dylib"; name = libopencv_photo.2.4.4.dylib; path = ../../../../usr/local/Cellar/opencv/2.4.4a/lib/libopencv_photo.2.4.4.dylib; sourceTree = "<group>"; };
		372034CB170BF3FA00CBD72F /* libopencv_photo.2.4.4.dylib */ = {isa = PBXFileReference; lastKnownFileType = "compiled.mach-o.dylib"; name = libopencv_photo.2.4.4.dylib; path = ../../../../usr/local/Cellar/opencv/2.4.4a/lib/libopencv_photo.2.4.4.dylib; sourceTree = "<group>"; };
		372034CC170BF3FA00CBD72F /* libopencv_photo.2.4.4.dylib */ = {isa = PBXFileReference; lastKnownFileType = "compiled.mach-o.dylib"; name = libopencv_photo.2.4.4.dylib; path = ../../../../usr/local/Cellar/opencv/2.4.4a/lib/libopencv_photo.2.4.4.dylib; sourceTree = "<group>"; };
		372034CD170BF3FA00CBD72F /* libopencv_stitching.2.4.4.dylib */ = {isa = PBXFileReference; lastKnownFileType = "compiled.mach-o.dylib"; name = libopencv_stitching.2.4.4.dylib; path = ../../../../usr/local/Cellar/opencv/2.4.4a/lib/libopencv_stitching.2.4.4.dylib; sourceTree = "<group>"; };
		372034CE170BF3FA00CBD72F /* libopencv_stitching.2.4.4.dylib */ = {isa = PBXFileReference; lastKnownFileType = "compiled.mach-o.dylib"; name = libopencv_stitching.2.4.4.dylib; path = ../../../../usr/local/Cellar/opencv/2.4.4a/lib/libopencv_stitching.2.4.4.dylib; sourceTree = "<group>"; };
		372034CF170BF3FA00CBD72F /* libopencv_stitching.2.4.4.dylib */ = {isa = PBXFileReference; lastKnownFileType = "compiled.mach-o.dylib"; name = libopencv_stitching.2.4.4.dylib; path = ../../../../usr/local/Cellar/opencv/2.4.4a/lib/libopencv_stitching.2.4.4.dylib; sourceTree = "<group>"; };
		372034D0170BF3FA00CBD72F /* libopencv_ts.2.4.4.dylib */ = {isa = PBXFileReference; lastKnownFileType = "compiled.mach-o.dylib"; name = libopencv_ts.2.4.4.dylib; path = ../../../../usr/local/Cellar/opencv/2.4.4a/lib/libopencv_ts.2.4.4.dylib; sourceTree = "<group>"; };
		372034D1170BF3FA00CBD72F /* libopencv_ts.2.4.4.dylib */ = {isa = PBXFileReference; lastKnownFileType = "compiled.mach-o.dylib"; name = libopencv_ts.2.4.4.dylib; path = ../../../../usr/local/Cellar/opencv/2.4.4a/lib/libopencv_ts.2.4.4.dylib; sourceTree = "<group>"; };
		372034D2170BF3FA00CBD72F /* libopencv_ts.2.4.4.dylib */ = {isa = PBXFileReference; lastKnownFileType = "compiled.mach-o.dylib"; name = libopencv_ts.2.4.4.dylib; path = ../../../../usr/local/Cellar/opencv/2.4.4a/lib/libopencv_ts.2.4.4.dylib; sourceTree = "<group>"; };
		372034D3170BF3FA00CBD72F /* libopencv_video.2.4.4.dylib */ = {isa = PBXFileReference; lastKnownFileType = "compiled.mach-o.dylib"; name = libopencv_video.2.4.4.dylib; path = ../../../../usr/local/Cellar/opencv/2.4.4a/lib/libopencv_video.2.4.4.dylib; sourceTree = "<group>"; };
		372034D4170BF3FA00CBD72F /* libopencv_video.2.4.4.dylib */ = {isa = PBXFileReference; lastKnownFileType = "compiled.mach-o.dylib"; name = libopencv_video.2.4.4.dylib; path = ../../../../usr/local/Cellar/opencv/2.4.4a/lib/libopencv_video.2.4.4.dylib; sourceTree = "<group>"; };
		372034D5170BF3FA00CBD72F /* libopencv_video.2.4.4.dylib */ = {isa = PBXFileReference; lastKnownFileType = "compiled.mach-o.dylib"; name = libopencv_video.2.4.4.dylib; path = ../../../../usr/local/Cellar/opencv/2.4.4a/lib/libopencv_video.2.4.4.dylib; sourceTree = "<group>"; };
		372034D6170BF3FA00CBD72F /* libopencv_videostab.2.4.4.dylib */ = {isa = PBXFileReference; lastKnownFileType = "compiled.mach-o.dylib"; name = libopencv_videostab.2.4.4.dylib; path = ../../../../usr/local/Cellar/opencv/2.4.4a/lib/libopencv_videostab.2.4.4.dylib; sourceTree = "<group>"; };
		372034D7170BF3FA00CBD72F /* libopencv_videostab.2.4.4.dylib */ = {isa = PBXFileReference; lastKnownFileType = "compiled.mach-o.dylib"; name = libopencv_videostab.2.4.4.dylib; path = ../../../../usr/local/Cellar/opencv/2.4.4a/lib/libopencv_videostab.2.4.4.dylib; sourceTree = "<group>"; };
		372034D8170BF3FA00CBD72F /* libopencv_videostab.2.4.4.dylib */ = {isa = PBXFileReference; lastKnownFileType = "compiled.mach-o.dylib"; name = libopencv_videostab.2.4.4.dylib; path = ../../../../usr/local/Cellar/opencv/2.4.4a/lib/libopencv_videostab.2.4.4.dylib; sourceTree = "<group>"; };
		375FBAF116A2633E004E1695 /* PhotoChangoMenuController.h */ = {isa = PBXFileReference; fileEncoding = 4; lastKnownFileType = sourcecode.c.h; path = PhotoChangoMenuController.h; sourceTree = "<group>"; };
		375FBAF216A2633E004E1695 /* PhotoChangoMenuController.mm */ = {isa = PBXFileReference; fileEncoding = 4; lastKnownFileType = sourcecode.cpp.objcpp; path = PhotoChangoMenuController.mm; sourceTree = "<group>"; };
		375FBAFB16A2B916004E1695 /* BeatChango.cpp */ = {isa = PBXFileReference; fileEncoding = 4; lastKnownFileType = sourcecode.cpp.cpp; name = BeatChango.cpp; path = ChangoGenerators/BeatChango.cpp; sourceTree = "<group>"; };
		375FBAFC16A2B916004E1695 /* BeatChango.h */ = {isa = PBXFileReference; fileEncoding = 4; lastKnownFileType = sourcecode.c.h; name = BeatChango.h; path = ChangoGenerators/BeatChango.h; sourceTree = "<group>"; };
		375FBAFE16A2B916004E1695 /* ChangoGenerator.h */ = {isa = PBXFileReference; fileEncoding = 4; lastKnownFileType = sourcecode.c.h; name = ChangoGenerator.h; path = ChangoGenerators/ChangoGenerator.h; sourceTree = "<group>"; };
		375FBAFF16A2B916004E1695 /* MIDIChango.cpp */ = {isa = PBXFileReference; fileEncoding = 4; lastKnownFileType = sourcecode.cpp.cpp; name = MIDIChango.cpp; path = ChangoGenerators/MIDIChango.cpp; sourceTree = "<group>"; };
		375FBB0016A2B916004E1695 /* MIDIChango.h */ = {isa = PBXFileReference; fileEncoding = 4; lastKnownFileType = sourcecode.c.h; name = MIDIChango.h; path = ChangoGenerators/MIDIChango.h; sourceTree = "<group>"; };
		375FBB0216A2B916004E1695 /* WaveChango.cpp */ = {isa = PBXFileReference; fileEncoding = 4; lastKnownFileType = sourcecode.cpp.cpp; name = WaveChango.cpp; path = ChangoGenerators/WaveChango.cpp; sourceTree = "<group>"; };
		375FBB0316A2B916004E1695 /* WaveChango.h */ = {isa = PBXFileReference; fileEncoding = 4; lastKnownFileType = sourcecode.c.h; name = WaveChango.h; path = ChangoGenerators/WaveChango.h; sourceTree = "<group>"; };
		375FBB0616A2B916004E1695 /* CameraAndWindow.cpp */ = {isa = PBXFileReference; fileEncoding = 4; lastKnownFileType = sourcecode.cpp.cpp; name = CameraAndWindow.cpp; path = ChangoInputs/CameraAndWindow.cpp; sourceTree = "<group>"; };
		375FBB0716A2B916004E1695 /* CameraAndWindow.h */ = {isa = PBXFileReference; fileEncoding = 4; lastKnownFileType = sourcecode.c.h; name = CameraAndWindow.h; path = ChangoInputs/CameraAndWindow.h; sourceTree = "<group>"; };
		375FBB0916A2B916004E1695 /* ChangoInput.cpp */ = {isa = PBXFileReference; fileEncoding = 4; lastKnownFileType = sourcecode.cpp.cpp; name = ChangoInput.cpp; path = ChangoInputs/ChangoInput.cpp; sourceTree = "<group>"; };
		375FBB0A16A2B916004E1695 /* ChangoInput.h */ = {isa = PBXFileReference; fileEncoding = 4; lastKnownFileType = sourcecode.c.h; name = ChangoInput.h; path = ChangoInputs/ChangoInput.h; sourceTree = "<group>"; };
		375FBB0C16A2B916004E1695 /* ChangoLightVideo.cpp */ = {isa = PBXFileReference; fileEncoding = 4; lastKnownFileType = sourcecode.cpp.cpp; name = ChangoLightVideo.cpp; path = ChangoInputs/ChangoLightVideo.cpp; sourceTree = "<group>"; };
		375FBB0D16A2B916004E1695 /* ChangoLightVideo.h */ = {isa = PBXFileReference; fileEncoding = 4; lastKnownFileType = sourcecode.c.h; name = ChangoLightVideo.h; path = ChangoInputs/ChangoLightVideo.h; sourceTree = "<group>"; };
		375FBB0F16A2B916004E1695 /* ChangoMotionVideo.cpp */ = {isa = PBXFileReference; fileEncoding = 4; lastKnownFileType = sourcecode.cpp.cpp; name = ChangoMotionVideo.cpp; path = ChangoInputs/ChangoMotionVideo.cpp; sourceTree = "<group>"; };
		375FBB1016A2B916004E1695 /* ChangoMotionVideo.h */ = {isa = PBXFileReference; fileEncoding = 4; lastKnownFileType = sourcecode.c.h; name = ChangoMotionVideo.h; path = ChangoInputs/ChangoMotionVideo.h; sourceTree = "<group>"; };
		375FBB2016A2B9E8004E1695 /* tones.h */ = {isa = PBXFileReference; fileEncoding = 4; lastKnownFileType = sourcecode.c.h; path = tones.h; sourceTree = "<group>"; };
		375FBB2116A2BA28004E1695 /* BeatWave.cpp */ = {isa = PBXFileReference; fileEncoding = 4; lastKnownFileType = sourcecode.cpp.cpp; path = BeatWave.cpp; sourceTree = "<group>"; };
		375FBB2216A2BA28004E1695 /* BeatWave.h */ = {isa = PBXFileReference; fileEncoding = 4; lastKnownFileType = sourcecode.c.h; path = BeatWave.h; sourceTree = "<group>"; };
		375FBB2416A2BA7C004E1695 /* miditones.h */ = {isa = PBXFileReference; fileEncoding = 4; lastKnownFileType = sourcecode.c.h; path = miditones.h; sourceTree = "<group>"; };
		375FBB2516A2BC5F004E1695 /* CoreAudio.framework */ = {isa = PBXFileReference; lastKnownFileType = wrapper.framework; name = CoreAudio.framework; path = System/Library/Frameworks/CoreAudio.framework; sourceTree = SDKROOT; };
		375FBB2616A2BC5F004E1695 /* CoreAudioKit.framework */ = {isa = PBXFileReference; lastKnownFileType = wrapper.framework; name = CoreAudioKit.framework; path = System/Library/Frameworks/CoreAudioKit.framework; sourceTree = SDKROOT; };
		375FBB3216A2BF0A004E1695 /* CoreMIDI.framework */ = {isa = PBXFileReference; lastKnownFileType = wrapper.framework; name = CoreMIDI.framework; path = System/Library/Frameworks/CoreMIDI.framework; sourceTree = SDKROOT; };
		37EF65E4170546D700734786 /* Chango_Icon72x72.png */ = {isa = PBXFileReference; lastKnownFileType = image.png; path = Chango_Icon72x72.png; sourceTree = "<group>"; };
		37EF65E61705488900734786 /* Chango_Icon72x72.icns */ = {isa = PBXFileReference; lastKnownFileType = image.icns; path = Chango_Icon72x72.icns; sourceTree = "<group>"; };
/* End PBXFileReference section */

/* Begin PBXFrameworksBuildPhase section */
		370B9C1D16A212FD008B2CB6 /* Frameworks */ = {
			isa = PBXFrameworksBuildPhase;
			buildActionMask = 2147483647;
			files = (
				372034D9170BF3FA00CBD72F /* libopencv_calib3d.2.4.4.dylib in Frameworks */,
				372034DA170BF3FA00CBD72F /* libopencv_calib3d.2.4.4.dylib in Frameworks */,
				372034DB170BF3FA00CBD72F /* libopencv_calib3d.2.4.4.dylib in Frameworks */,
				372034DC170BF3FA00CBD72F /* libopencv_contrib.2.4.4.dylib in Frameworks */,
				372034DD170BF3FA00CBD72F /* libopencv_contrib.2.4.4.dylib in Frameworks */,
				372034DE170BF3FA00CBD72F /* libopencv_contrib.2.4.4.dylib in Frameworks */,
				372034DF170BF3FA00CBD72F /* libopencv_core.2.4.4.dylib in Frameworks */,
				372034E0170BF3FA00CBD72F /* libopencv_core.2.4.4.dylib in Frameworks */,
				372034E1170BF3FA00CBD72F /* libopencv_core.2.4.4.dylib in Frameworks */,
				372034E2170BF3FA00CBD72F /* libopencv_features2d.2.4.4.dylib in Frameworks */,
				372034E3170BF3FA00CBD72F /* libopencv_features2d.2.4.4.dylib in Frameworks */,
				372034E4170BF3FA00CBD72F /* libopencv_features2d.2.4.4.dylib in Frameworks */,
				372034E5170BF3FA00CBD72F /* libopencv_flann.2.4.4.dylib in Frameworks */,
				372034E6170BF3FA00CBD72F /* libopencv_flann.2.4.4.dylib in Frameworks */,
				372034E7170BF3FA00CBD72F /* libopencv_flann.2.4.4.dylib in Frameworks */,
				372034E8170BF3FA00CBD72F /* libopencv_gpu.2.4.4.dylib in Frameworks */,
				372034E9170BF3FA00CBD72F /* libopencv_gpu.2.4.4.dylib in Frameworks */,
				372034EA170BF3FA00CBD72F /* libopencv_gpu.2.4.4.dylib in Frameworks */,
				372034EB170BF3FA00CBD72F /* libopencv_highgui.2.4.4.dylib in Frameworks */,
				372034EC170BF3FA00CBD72F /* libopencv_highgui.2.4.4.dylib in Frameworks */,
				372034ED170BF3FA00CBD72F /* libopencv_highgui.2.4.4.dylib in Frameworks */,
				372034EE170BF3FA00CBD72F /* libopencv_imgproc.2.4.4.dylib in Frameworks */,
				372034EF170BF3FA00CBD72F /* libopencv_imgproc.2.4.4.dylib in Frameworks */,
				372034F0170BF3FA00CBD72F /* libopencv_imgproc.2.4.4.dylib in Frameworks */,
				372034F1170BF3FA00CBD72F /* libopencv_legacy.2.4.4.dylib in Frameworks */,
				372034F2170BF3FA00CBD72F /* libopencv_legacy.2.4.4.dylib in Frameworks */,
				372034F3170BF3FA00CBD72F /* libopencv_legacy.2.4.4.dylib in Frameworks */,
				372034F4170BF3FA00CBD72F /* libopencv_ml.2.4.4.dylib in Frameworks */,
				372034F5170BF3FA00CBD72F /* libopencv_ml.2.4.4.dylib in Frameworks */,
				372034F6170BF3FA00CBD72F /* libopencv_ml.2.4.4.dylib in Frameworks */,
				372034F7170BF3FA00CBD72F /* libopencv_nonfree.2.4.4.dylib in Frameworks */,
				372034F8170BF3FA00CBD72F /* libopencv_nonfree.2.4.4.dylib in Frameworks */,
				372034F9170BF3FA00CBD72F /* libopencv_nonfree.2.4.4.dylib in Frameworks */,
				372034FA170BF3FA00CBD72F /* libopencv_objdetect.2.4.4.dylib in Frameworks */,
				372034FB170BF3FA00CBD72F /* libopencv_objdetect.2.4.4.dylib in Frameworks */,
				372034FC170BF3FA00CBD72F /* libopencv_objdetect.2.4.4.dylib in Frameworks */,
				372034FD170BF3FA00CBD72F /* libopencv_photo.2.4.4.dylib in Frameworks */,
				372034FE170BF3FA00CBD72F /* libopencv_photo.2.4.4.dylib in Frameworks */,
				372034FF170BF3FA00CBD72F /* libopencv_photo.2.4.4.dylib in Frameworks */,
				37203500170BF3FA00CBD72F /* libopencv_stitching.2.4.4.dylib in Frameworks */,
				37203501170BF3FA00CBD72F /* libopencv_stitching.2.4.4.dylib in Frameworks */,
				37203502170BF3FA00CBD72F /* libopencv_stitching.2.4.4.dylib in Frameworks */,
				37203503170BF3FA00CBD72F /* libopencv_ts.2.4.4.dylib in Frameworks */,
				37203504170BF3FA00CBD72F /* libopencv_ts.2.4.4.dylib in Frameworks */,
				37203505170BF3FA00CBD72F /* libopencv_ts.2.4.4.dylib in Frameworks */,
				37203506170BF3FA00CBD72F /* libopencv_video.2.4.4.dylib in Frameworks */,
				37203507170BF3FA00CBD72F /* libopencv_video.2.4.4.dylib in Frameworks */,
				37203508170BF3FA00CBD72F /* libopencv_video.2.4.4.dylib in Frameworks */,
				37203509170BF3FA00CBD72F /* libopencv_videostab.2.4.4.dylib in Frameworks */,
				3720350A170BF3FA00CBD72F /* libopencv_videostab.2.4.4.dylib in Frameworks */,
				3720350B170BF3FA00CBD72F /* libopencv_videostab.2.4.4.dylib in Frameworks */,
				375FBB3316A2BF0A004E1695 /* CoreMIDI.framework in Frameworks */,
				375FBB2716A2BC5F004E1695 /* CoreAudio.framework in Frameworks */,
				375FBB2816A2BC5F004E1695 /* CoreAudioKit.framework in Frameworks */,
				370B9C2516A212FD008B2CB6 /* Cocoa.framework in Frameworks */,
			);
			runOnlyForDeploymentPostprocessing = 0;
		};
		370B9C3D16A212FE008B2CB6 /* Frameworks */ = {
			isa = PBXFrameworksBuildPhase;
			buildActionMask = 2147483647;
			files = (
				370B9C4316A212FE008B2CB6 /* SenTestingKit.framework in Frameworks */,
				370B9C4416A212FE008B2CB6 /* Cocoa.framework in Frameworks */,
			);
			runOnlyForDeploymentPostprocessing = 0;
		};
/* End PBXFrameworksBuildPhase section */

/* Begin PBXGroup section */
		370B9C1516A212FD008B2CB6 = {
			isa = PBXGroup;
			children = (
				372034A6170BF3FA00CBD72F /* libopencv_calib3d.2.4.4.dylib */,
				372034A7170BF3FA00CBD72F /* libopencv_calib3d.2.4.4.dylib */,
				372034A8170BF3FA00CBD72F /* libopencv_calib3d.2.4.4.dylib */,
				372034A9170BF3FA00CBD72F /* libopencv_contrib.2.4.4.dylib */,
				372034AA170BF3FA00CBD72F /* libopencv_contrib.2.4.4.dylib */,
				372034AB170BF3FA00CBD72F /* libopencv_contrib.2.4.4.dylib */,
				372034AC170BF3FA00CBD72F /* libopencv_core.2.4.4.dylib */,
				372034AD170BF3FA00CBD72F /* libopencv_core.2.4.4.dylib */,
				372034AE170BF3FA00CBD72F /* libopencv_core.2.4.4.dylib */,
				372034AF170BF3FA00CBD72F /* libopencv_features2d.2.4.4.dylib */,
				372034B0170BF3FA00CBD72F /* libopencv_features2d.2.4.4.dylib */,
				372034B1170BF3FA00CBD72F /* libopencv_features2d.2.4.4.dylib */,
				372034B2170BF3FA00CBD72F /* libopencv_flann.2.4.4.dylib */,
				372034B3170BF3FA00CBD72F /* libopencv_flann.2.4.4.dylib */,
				372034B4170BF3FA00CBD72F /* libopencv_flann.2.4.4.dylib */,
				372034B5170BF3FA00CBD72F /* libopencv_gpu.2.4.4.dylib */,
				372034B6170BF3FA00CBD72F /* libopencv_gpu.2.4.4.dylib */,
				372034B7170BF3FA00CBD72F /* libopencv_gpu.2.4.4.dylib */,
				372034B8170BF3FA00CBD72F /* libopencv_highgui.2.4.4.dylib */,
				372034B9170BF3FA00CBD72F /* libopencv_highgui.2.4.4.dylib */,
				372034BA170BF3FA00CBD72F /* libopencv_highgui.2.4.4.dylib */,
				372034BB170BF3FA00CBD72F /* libopencv_imgproc.2.4.4.dylib */,
				372034BC170BF3FA00CBD72F /* libopencv_imgproc.2.4.4.dylib */,
				372034BD170BF3FA00CBD72F /* libopencv_imgproc.2.4.4.dylib */,
				372034BE170BF3FA00CBD72F /* libopencv_legacy.2.4.4.dylib */,
				372034BF170BF3FA00CBD72F /* libopencv_legacy.2.4.4.dylib */,
				372034C0170BF3FA00CBD72F /* libopencv_legacy.2.4.4.dylib */,
				372034C1170BF3FA00CBD72F /* libopencv_ml.2.4.4.dylib */,
				372034C2170BF3FA00CBD72F /* libopencv_ml.2.4.4.dylib */,
				372034C3170BF3FA00CBD72F /* libopencv_ml.2.4.4.dylib */,
				372034C4170BF3FA00CBD72F /* libopencv_nonfree.2.4.4.dylib */,
				372034C5170BF3FA00CBD72F /* libopencv_nonfree.2.4.4.dylib */,
				372034C6170BF3FA00CBD72F /* libopencv_nonfree.2.4.4.dylib */,
				372034C7170BF3FA00CBD72F /* libopencv_objdetect.2.4.4.dylib */,
				372034C8170BF3FA00CBD72F /* libopencv_objdetect.2.4.4.dylib */,
				372034C9170BF3FA00CBD72F /* libopencv_objdetect.2.4.4.dylib */,
				372034CA170BF3FA00CBD72F /* libopencv_photo.2.4.4.dylib */,
				372034CB170BF3FA00CBD72F /* libopencv_photo.2.4.4.dylib */,
				372034CC170BF3FA00CBD72F /* libopencv_photo.2.4.4.dylib */,
				372034CD170BF3FA00CBD72F /* libopencv_stitching.2.4.4.dylib */,
				372034CE170BF3FA00CBD72F /* libopencv_stitching.2.4.4.dylib */,
				372034CF170BF3FA00CBD72F /* libopencv_stitching.2.4.4.dylib */,
				372034D0170BF3FA00CBD72F /* libopencv_ts.2.4.4.dylib */,
				372034D1170BF3FA00CBD72F /* libopencv_ts.2.4.4.dylib */,
				372034D2170BF3FA00CBD72F /* libopencv_ts.2.4.4.dylib */,
				372034D3170BF3FA00CBD72F /* libopencv_video.2.4.4.dylib */,
				372034D4170BF3FA00CBD72F /* libopencv_video.2.4.4.dylib */,
				372034D5170BF3FA00CBD72F /* libopencv_video.2.4.4.dylib */,
				372034D6170BF3FA00CBD72F /* libopencv_videostab.2.4.4.dylib */,
				372034D7170BF3FA00CBD72F /* libopencv_videostab.2.4.4.dylib */,
				372034D8170BF3FA00CBD72F /* libopencv_videostab.2.4.4.dylib */,
				375FBB3216A2BF0A004E1695 /* CoreMIDI.framework */,
				375FBB2516A2BC5F004E1695 /* CoreAudio.framework */,
				375FBB2616A2BC5F004E1695 /* CoreAudioKit.framework */,
				370B9C2A16A212FD008B2CB6 /* PhotoChango */,
				370B9C4716A212FE008B2CB6 /* PhotoChangoTests */,
				370B9C2316A212FD008B2CB6 /* Frameworks */,
				370B9C2116A212FD008B2CB6 /* Products */,
			);
			sourceTree = "<group>";
		};
		370B9C2116A212FD008B2CB6 /* Products */ = {
			isa = PBXGroup;
			children = (
				370B9C2016A212FD008B2CB6 /* PhotoChango.app */,
				370B9C4116A212FE008B2CB6 /* PhotoChangoTests.octest */,
			);
			name = Products;
			sourceTree = "<group>";
		};
		370B9C2316A212FD008B2CB6 /* Frameworks */ = {
			isa = PBXGroup;
			children = (
				370B9C2416A212FD008B2CB6 /* Cocoa.framework */,
				370B9C4216A212FE008B2CB6 /* SenTestingKit.framework */,
				370B9C2616A212FD008B2CB6 /* Other Frameworks */,
			);
			name = Frameworks;
			sourceTree = "<group>";
		};
		370B9C2616A212FD008B2CB6 /* Other Frameworks */ = {
			isa = PBXGroup;
			children = (
				370B9C2716A212FD008B2CB6 /* AppKit.framework */,
				370B9C2816A212FD008B2CB6 /* CoreData.framework */,
				370B9C2916A212FD008B2CB6 /* Foundation.framework */,
			);
			name = "Other Frameworks";
			sourceTree = "<group>";
		};
		370B9C2A16A212FD008B2CB6 /* PhotoChango */ = {
			isa = PBXGroup;
			children = (
				37EF65E4170546D700734786 /* Chango_Icon72x72.png */,
				375FBB2416A2BA7C004E1695 /* miditones.h */,
				375FBB2116A2BA28004E1695 /* BeatWave.cpp */,
				375FBB2216A2BA28004E1695 /* BeatWave.h */,
				375FBB2016A2B9E8004E1695 /* tones.h */,
				375FBAFB16A2B916004E1695 /* BeatChango.cpp */,
				375FBAFC16A2B916004E1695 /* BeatChango.h */,
				375FBAFE16A2B916004E1695 /* ChangoGenerator.h */,
				375FBAFF16A2B916004E1695 /* MIDIChango.cpp */,
				375FBB0016A2B916004E1695 /* MIDIChango.h */,
				375FBB0216A2B916004E1695 /* WaveChango.cpp */,
				375FBB0316A2B916004E1695 /* WaveChango.h */,
				375FBB0616A2B916004E1695 /* CameraAndWindow.cpp */,
				375FBB0716A2B916004E1695 /* CameraAndWindow.h */,
				375FBB0916A2B916004E1695 /* ChangoInput.cpp */,
				375FBB0A16A2B916004E1695 /* ChangoInput.h */,
				375FBB0C16A2B916004E1695 /* ChangoLightVideo.cpp */,
				375FBB0D16A2B916004E1695 /* ChangoLightVideo.h */,
				375FBB0F16A2B916004E1695 /* ChangoMotionVideo.cpp */,
				375FBB1016A2B916004E1695 /* ChangoMotionVideo.h */,
				370B9C5816A21395008B2CB6 /* ChangoGlobal.h */,
				370B9C5916A21395008B2CB6 /* ChangoMain.cpp */,
				370B9C5A16A21395008B2CB6 /* Mahalo.cpp */,
				370B9C5B16A21395008B2CB6 /* Mahalo.h */,
				370B9C5C16A21395008B2CB6 /* Pixelator.cpp */,
				370B9C5D16A21395008B2CB6 /* Pixelator.h */,
				370B9C5E16A21395008B2CB6 /* SampleMixer.cpp */,
				370B9C5F16A21395008B2CB6 /* SampleMixer.h */,
				370B9C6016A21395008B2CB6 /* SampleSource.h */,
				370B9C6116A21395008B2CB6 /* Wave.cpp */,
				370B9C6216A21395008B2CB6 /* Wave.h */,
				370B9C3616A212FD008B2CB6 /* AppDelegate.h */,
				370B9C3716A212FD008B2CB6 /* AppDelegate.mm */,
				370B9C3916A212FE008B2CB6 /* MainMenu.xib */,
				375FBAF116A2633E004E1695 /* PhotoChangoMenuController.h */,
				375FBAF216A2633E004E1695 /* PhotoChangoMenuController.mm */,
				370B9C2B16A212FD008B2CB6 /* Supporting Files */,
			);
			path = PhotoChango;
			sourceTree = "<group>";
		};
		370B9C2B16A212FD008B2CB6 /* Supporting Files */ = {
			isa = PBXGroup;
			children = (
				37EF65E61705488900734786 /* Chango_Icon72x72.icns */,
				370B9C2C16A212FD008B2CB6 /* PhotoChango-Info.plist */,
				370B9C2D16A212FD008B2CB6 /* InfoPlist.strings */,
				370B9C3016A212FD008B2CB6 /* main.m */,
				370B9C3216A212FD008B2CB6 /* PhotoChango-Prefix.pch */,
				370B9C3316A212FD008B2CB6 /* Credits.rtf */,
			);
			name = "Supporting Files";
			sourceTree = "<group>";
		};
		370B9C4716A212FE008B2CB6 /* PhotoChangoTests */ = {
			isa = PBXGroup;
			children = (
				370B9C4D16A212FE008B2CB6 /* PhotoChangoTests.h */,
				370B9C4E16A212FE008B2CB6 /* PhotoChangoTests.m */,
				370B9C4816A212FE008B2CB6 /* Supporting Files */,
			);
			path = PhotoChangoTests;
			sourceTree = "<group>";
		};
		370B9C4816A212FE008B2CB6 /* Supporting Files */ = {
			isa = PBXGroup;
			children = (
				370B9C4916A212FE008B2CB6 /* PhotoChangoTests-Info.plist */,
				370B9C4A16A212FE008B2CB6 /* InfoPlist.strings */,
			);
			name = "Supporting Files";
			sourceTree = "<group>";
		};
/* End PBXGroup section */

/* Begin PBXNativeTarget section */
		370B9C1F16A212FD008B2CB6 /* PhotoChango */ = {
			isa = PBXNativeTarget;
			buildConfigurationList = 370B9C5216A212FE008B2CB6 /* Build configuration list for PBXNativeTarget "PhotoChango" */;
			buildPhases = (
				370B9C1C16A212FD008B2CB6 /* Sources */,
				370B9C1D16A212FD008B2CB6 /* Frameworks */,
				370B9C1E16A212FD008B2CB6 /* Resources */,
			);
			buildRules = (
			);
			dependencies = (
			);
			name = PhotoChango;
			productName = PhotoChango;
			productReference = 370B9C2016A212FD008B2CB6 /* PhotoChango.app */;
			productType = "com.apple.product-type.application";
		};
		370B9C4016A212FE008B2CB6 /* PhotoChangoTests */ = {
			isa = PBXNativeTarget;
			buildConfigurationList = 370B9C5516A212FE008B2CB6 /* Build configuration list for PBXNativeTarget "PhotoChangoTests" */;
			buildPhases = (
				370B9C3C16A212FE008B2CB6 /* Sources */,
				370B9C3D16A212FE008B2CB6 /* Frameworks */,
				370B9C3E16A212FE008B2CB6 /* Resources */,
				370B9C3F16A212FE008B2CB6 /* ShellScript */,
			);
			buildRules = (
			);
			dependencies = (
				370B9C4616A212FE008B2CB6 /* PBXTargetDependency */,
			);
			name = PhotoChangoTests;
			productName = PhotoChangoTests;
			productReference = 370B9C4116A212FE008B2CB6 /* PhotoChangoTests.octest */;
			productType = "com.apple.product-type.bundle";
		};
/* End PBXNativeTarget section */

/* Begin PBXProject section */
		370B9C1716A212FD008B2CB6 /* Project object */ = {
			isa = PBXProject;
			attributes = {
				LastUpgradeCheck = 0450;
				ORGANIZATIONNAME = "Brandon Lucia";
			};
			buildConfigurationList = 370B9C1A16A212FD008B2CB6 /* Build configuration list for PBXProject "PhotoChango" */;
			compatibilityVersion = "Xcode 3.2";
			developmentRegion = English;
			hasScannedForEncodings = 0;
			knownRegions = (
				en,
			);
			mainGroup = 370B9C1516A212FD008B2CB6;
			productRefGroup = 370B9C2116A212FD008B2CB6 /* Products */;
			projectDirPath = "";
			projectRoot = "";
			targets = (
				370B9C1F16A212FD008B2CB6 /* PhotoChango */,
				370B9C4016A212FE008B2CB6 /* PhotoChangoTests */,
			);
		};
/* End PBXProject section */

/* Begin PBXResourcesBuildPhase section */
		370B9C1E16A212FD008B2CB6 /* Resources */ = {
			isa = PBXResourcesBuildPhase;
			buildActionMask = 2147483647;
			files = (
				370B9C2F16A212FD008B2CB6 /* InfoPlist.strings in Resources */,
				370B9C3516A212FD008B2CB6 /* Credits.rtf in Resources */,
				370B9C3B16A212FE008B2CB6 /* MainMenu.xib in Resources */,
				37EF65E5170546D700734786 /* Chango_Icon72x72.png in Resources */,
				37EF65E71705488900734786 /* Chango_Icon72x72.icns in Resources */,
			);
			runOnlyForDeploymentPostprocessing = 0;
		};
		370B9C3E16A212FE008B2CB6 /* Resources */ = {
			isa = PBXResourcesBuildPhase;
			buildActionMask = 2147483647;
			files = (
				370B9C4C16A212FE008B2CB6 /* InfoPlist.strings in Resources */,
			);
			runOnlyForDeploymentPostprocessing = 0;
		};
/* End PBXResourcesBuildPhase section */

/* Begin PBXShellScriptBuildPhase section */
		370B9C3F16A212FE008B2CB6 /* ShellScript */ = {
			isa = PBXShellScriptBuildPhase;
			buildActionMask = 2147483647;
			files = (
			);
			inputPaths = (
			);
			outputPaths = (
			);
			runOnlyForDeploymentPostprocessing = 0;
			shellPath = /bin/sh;
			shellScript = "# Run the unit tests in this test bundle.\n\"${SYSTEM_DEVELOPER_DIR}/Tools/RunUnitTests\"\n";
		};
/* End PBXShellScriptBuildPhase section */

/* Begin PBXSourcesBuildPhase section */
		370B9C1C16A212FD008B2CB6 /* Sources */ = {
			isa = PBXSourcesBuildPhase;
			buildActionMask = 2147483647;
			files = (
				370B9C3116A212FD008B2CB6 /* main.m in Sources */,
				370B9C3816A212FD008B2CB6 /* AppDelegate.mm in Sources */,
				370B9C6316A21395008B2CB6 /* ChangoMain.cpp in Sources */,
				370B9C6416A21395008B2CB6 /* Mahalo.cpp in Sources */,
				370B9C6516A21395008B2CB6 /* Pixelator.cpp in Sources */,
				370B9C6616A21395008B2CB6 /* SampleMixer.cpp in Sources */,
				370B9C6716A21395008B2CB6 /* Wave.cpp in Sources */,
				375FBAF316A2633E004E1695 /* PhotoChangoMenuController.mm in Sources */,
				375FBB1216A2B916004E1695 /* BeatChango.cpp in Sources */,
				375FBB1416A2B916004E1695 /* MIDIChango.cpp in Sources */,
				375FBB1616A2B916004E1695 /* WaveChango.cpp in Sources */,
				375FBB1816A2B916004E1695 /* CameraAndWindow.cpp in Sources */,
				375FBB1A16A2B916004E1695 /* ChangoInput.cpp in Sources */,
				375FBB1C16A2B916004E1695 /* ChangoLightVideo.cpp in Sources */,
				375FBB1E16A2B916004E1695 /* ChangoMotionVideo.cpp in Sources */,
				375FBB2316A2BA28004E1695 /* BeatWave.cpp in Sources */,
			);
			runOnlyForDeploymentPostprocessing = 0;
		};
		370B9C3C16A212FE008B2CB6 /* Sources */ = {
			isa = PBXSourcesBuildPhase;
			buildActionMask = 2147483647;
			files = (
				370B9C4F16A212FE008B2CB6 /* PhotoChangoTests.m in Sources */,
			);
			runOnlyForDeploymentPostprocessing = 0;
		};
/* End PBXSourcesBuildPhase section */

/* Begin PBXTargetDependency section */
		370B9C4616A212FE008B2CB6 /* PBXTargetDependency */ = {
			isa = PBXTargetDependency;
			target = 370B9C1F16A212FD008B2CB6 /* PhotoChango */;
			targetProxy = 370B9C4516A212FE008B2CB6 /* PBXContainerItemProxy */;
		};
/* End PBXTargetDependency section */

/* Begin PBXVariantGroup section */
		370B9C2D16A212FD008B2CB6 /* InfoPlist.strings */ = {
			isa = PBXVariantGroup;
			children = (
				370B9C2E16A212FD008B2CB6 /* en */,
			);
			name = InfoPlist.strings;
			sourceTree = "<group>";
		};
		370B9C3316A212FD008B2CB6 /* Credits.rtf */ = {
			isa = PBXVariantGroup;
			children = (
				370B9C3416A212FD008B2CB6 /* en */,
			);
			name = Credits.rtf;
			sourceTree = "<group>";
		};
		370B9C3916A212FE008B2CB6 /* MainMenu.xib */ = {
			isa = PBXVariantGroup;
			children = (
				370B9C3A16A212FE008B2CB6 /* en */,
			);
			name = MainMenu.xib;
			sourceTree = "<group>";
		};
		370B9C4A16A212FE008B2CB6 /* InfoPlist.strings */ = {
			isa = PBXVariantGroup;
			children = (
				370B9C4B16A212FE008B2CB6 /* en */,
			);
			name = InfoPlist.strings;
			sourceTree = "<group>";
		};
/* End PBXVariantGroup section */

/* Begin XCBuildConfiguration section */
		370B9C5016A212FE008B2CB6 /* Debug */ = {
			isa = XCBuildConfiguration;
			buildSettings = {
				ALWAYS_SEARCH_USER_PATHS = NO;
				ARCHS = "$(ARCHS_STANDARD_64_BIT)";
				CLANG_CXX_LANGUAGE_STANDARD = "gnu++0x";
				CLANG_CXX_LIBRARY = "libc++";
				CLANG_ENABLE_OBJC_ARC = YES;
				CLANG_WARN_EMPTY_BODY = YES;
				CLANG_WARN__DUPLICATE_METHOD_MATCH = YES;
				COPY_PHASE_STRIP = NO;
				GCC_C_LANGUAGE_STANDARD = gnu99;
				GCC_DYNAMIC_NO_PIC = NO;
				GCC_ENABLE_OBJC_EXCEPTIONS = YES;
				GCC_OPTIMIZATION_LEVEL = 0;
				GCC_PREPROCESSOR_DEFINITIONS = (
					"DEBUG=1",
					"$(inherited)",
				);
				GCC_SYMBOLS_PRIVATE_EXTERN = NO;
				GCC_WARN_64_TO_32_BIT_CONVERSION = YES;
				GCC_WARN_ABOUT_RETURN_TYPE = YES;
				GCC_WARN_UNINITIALIZED_AUTOS = YES;
				GCC_WARN_UNUSED_VARIABLE = YES;
				MACOSX_DEPLOYMENT_TARGET = 10.8;
				ONLY_ACTIVE_ARCH = YES;
				SDKROOT = macosx;
			};
			name = Debug;
		};
		370B9C5116A212FE008B2CB6 /* Release */ = {
			isa = XCBuildConfiguration;
			buildSettings = {
				ALWAYS_SEARCH_USER_PATHS = NO;
				ARCHS = "$(ARCHS_STANDARD_64_BIT)";
				CLANG_CXX_LANGUAGE_STANDARD = "gnu++0x";
				CLANG_CXX_LIBRARY = "libc++";
				CLANG_ENABLE_OBJC_ARC = YES;
				CLANG_WARN_EMPTY_BODY = YES;
				CLANG_WARN__DUPLICATE_METHOD_MATCH = YES;
				COPY_PHASE_STRIP = YES;
				DEBUG_INFORMATION_FORMAT = "dwarf-with-dsym";
				GCC_C_LANGUAGE_STANDARD = gnu99;
				GCC_ENABLE_OBJC_EXCEPTIONS = YES;
				GCC_WARN_64_TO_32_BIT_CONVERSION = YES;
				GCC_WARN_ABOUT_RETURN_TYPE = YES;
				GCC_WARN_UNINITIALIZED_AUTOS = YES;
				GCC_WARN_UNUSED_VARIABLE = YES;
				MACOSX_DEPLOYMENT_TARGET = 10.8;
				SDKROOT = macosx;
			};
			name = Release;
		};
		370B9C5316A212FE008B2CB6 /* Debug */ = {
			isa = XCBuildConfiguration;
			buildSettings = {
				"ADDITIONAL_SDKS[arch=i386]" = "";
				ALWAYS_SEARCH_USER_PATHS = YES;
				ARCHS = "$(ARCHS_STANDARD_64_BIT)";
				COMBINE_HIDPI_IMAGES = YES;
				"FRAMEWORK_SEARCH_PATHS[arch=*]" = /Library/Frameworks;
				GCC_PRECOMPILE_PREFIX_HEADER = YES;
				GCC_PREFIX_HEADER = "PhotoChango/PhotoChango-Prefix.pch";
				GCC_VERSION = "";
				HEADER_SEARCH_PATHS = /usr/local/include;
				"HEADER_SEARCH_PATHS[arch=*]" = /usr/local/include;
				INFOPLIST_FILE = "PhotoChango/PhotoChango-Info.plist";
				LIBRARY_SEARCH_PATHS = /usr/local/lib;
				ONLY_ACTIVE_ARCH = YES;
				OTHER_CFLAGS = (
					"-Wno-deprecated",
					"-O3",
				);
				PRODUCT_NAME = "$(TARGET_NAME)";
				VALID_ARCHS = "i386 $(ARCHS_STANDARD_64_BIT)";
				WRAPPER_EXTENSION = app;
			};
			name = Debug;
		};
		370B9C5416A212FE008B2CB6 /* Release */ = {
			isa = XCBuildConfiguration;
			buildSettings = {
				ALWAYS_SEARCH_USER_PATHS = YES;
				ARCHS = "$(ARCHS_STANDARD_64_BIT)";
				COMBINE_HIDPI_IMAGES = YES;
				"FRAMEWORK_SEARCH_PATHS[arch=*]" = "";
				GCC_PRECOMPILE_PREFIX_HEADER = YES;
				GCC_PREFIX_HEADER = "PhotoChango/PhotoChango-Prefix.pch";
				GCC_VERSION = "";
				HEADER_SEARCH_PATHS = "";
				"HEADER_SEARCH_PATHS[arch=*]" = /usr/local/include;
				INFOPLIST_FILE = "PhotoChango/PhotoChango-Info.plist";
				LIBRARY_SEARCH_PATHS = /usr/local/lib;
				ONLY_ACTIVE_ARCH = NO;
				OTHER_CFLAGS = (
					"-Wno-deprecated",
					"-O3",
				);
				PRODUCT_NAME = "$(TARGET_NAME)";
				VALID_ARCHS = "i386 $(ARCHS_STANDARD_64_BIT)";
				WRAPPER_EXTENSION = app;
			};
			name = Release;
		};
		370B9C5616A212FE008B2CB6 /* Debug */ = {
			isa = XCBuildConfiguration;
			buildSettings = {
				BUNDLE_LOADER = "$(BUILT_PRODUCTS_DIR)/PhotoChango.app/Contents/MacOS/PhotoChango";
				COMBINE_HIDPI_IMAGES = YES;
				FRAMEWORK_SEARCH_PATHS = "\"$(DEVELOPER_LIBRARY_DIR)/Frameworks\"";
				GCC_PRECOMPILE_PREFIX_HEADER = YES;
				GCC_PREFIX_HEADER = "PhotoChango/PhotoChango-Prefix.pch";
				INFOPLIST_FILE = "PhotoChangoTests/PhotoChangoTests-Info.plist";
				PRODUCT_NAME = "$(TARGET_NAME)";
				TEST_HOST = "$(BUNDLE_LOADER)";
				WRAPPER_EXTENSION = octest;
			};
			name = Debug;
		};
		370B9C5716A212FE008B2CB6 /* Release */ = {
			isa = XCBuildConfiguration;
			buildSettings = {
				BUNDLE_LOADER = "$(BUILT_PRODUCTS_DIR)/PhotoChango.app/Contents/MacOS/PhotoChango";
				COMBINE_HIDPI_IMAGES = YES;
				FRAMEWORK_SEARCH_PATHS = "\"$(DEVELOPER_LIBRARY_DIR)/Frameworks\"";
				GCC_PRECOMPILE_PREFIX_HEADER = YES;
				GCC_PREFIX_HEADER = "PhotoChango/PhotoChango-Prefix.pch";
				INFOPLIST_FILE = "PhotoChangoTests/PhotoChangoTests-Info.plist";
				PRODUCT_NAME = "$(TARGET_NAME)";
				TEST_HOST = "$(BUNDLE_LOADER)";
				WRAPPER_EXTENSION = octest;
			};
			name = Release;
		};
/* End XCBuildConfiguration section */

/* Begin XCConfigurationList section */
		370B9C1A16A212FD008B2CB6 /* Build configuration list for PBXProject "PhotoChango" */ = {
			isa = XCConfigurationList;
			buildConfigurations = (
				370B9C5016A212FE008B2CB6 /* Debug */,
				370B9C5116A212FE008B2CB6 /* Release */,
			);
			defaultConfigurationIsVisible = 0;
			defaultConfigurationName = Release;
		};
		370B9C5216A212FE008B2CB6 /* Build configuration list for PBXNativeTarget "PhotoChango" */ = {
			isa = XCConfigurationList;
			buildConfigurations = (
				370B9C5316A212FE008B2CB6 /* Debug */,
				370B9C5416A212FE008B2CB6 /* Release */,
			);
			defaultConfigurationIsVisible = 0;
			defaultConfigurationName = Release;
		};
		370B9C5516A212FE008B2CB6 /* Build configuration list for PBXNativeTarget "PhotoChangoTests" */ = {
			isa = XCConfigurationList;
			buildConfigurations = (
				370B9C5616A212FE008B2CB6 /* Debug */,
				370B9C5716A212FE008B2CB6 /* Release */,
			);
			defaultConfigurationIsVisible = 0;
			defaultConfigurationName = Release;
		};
/* End XCConfigurationList section */
	};
	rootObject = 370B9C1716A212FD008B2CB6 /* Project object */;
}
